
Microsoft Visual Studio Solution File, Format Version 12.00
# Visual Studio Version 17
VisualStudioVersion = 17.3.32901.215
MinimumVisualStudioVersion = 10.0.40219.1
Project("{2150E333-8FDC-42A3-9474-1A3956D46DE8}") = "src", "src", "{A8E8522C-5CDE-4527-A67E-5D5BF1A24849}"
EndProject
Project("{9A19103F-16F7-4668-BE54-9A1E7A4F7556}") = "ArcWms.Material", "src\arcwms.material\ArcWms.Material.csproj", "{CD60F789-03D8-4B9D-8BC3-95445B2B7F5A}"
EndProject
Project("{9A19103F-16F7-4668-BE54-9A1E7A4F7556}") = "ArcWms.DataLength", "src\ArcWms.DataLength\ArcWms.DataLength.csproj", "{2C3D2D42-3CD4-4CB3-838D-EC4AEBD6C0B7}"
EndProject
Project("{2150E333-8FDC-42A3-9474-1A3956D46DE8}") = "test", "test", "{F08BB8E8-28EA-4A9D-9FAC-CE1AB8C76747}"
EndProject
Project("{9A19103F-16F7-4668-BE54-9A1E7A4F7556}") = "ArcWms.Material.Tests", "test\ArcWms.Material.Tests\ArcWms.Material.Tests.csproj", "{734806D2-8314-47C3-8311-70C1F6F166D3}"
EndProject
Project("{9A19103F-16F7-4668-BE54-9A1E7A4F7556}") = "ArcWms.Location", "src\ArcWms.Location\ArcWms.Location.csproj", "{C728233D-5FD8-4849-B3CB-C3452B7B0596}"
EndProject
Project("{9A19103F-16F7-4668-BE54-9A1E7A4F7556}") = "ArcWms.Location.Tests", "test\ArcWms.Location.Tests\ArcWms.Location.Tests.csproj", "{E9A26362-1D45-4401-A551-A4CAF46BEC8C}"
EndProject
Project("{9A19103F-16F7-4668-BE54-9A1E7A4F7556}") = "ArcWms.Palletization", "src\ArcWms.Palletization\ArcWms.Palletization.csproj", "{B5ACD45D-6A72-4460-BF1B-319216917A3A}"
EndProject
Project("{9A19103F-16F7-4668-BE54-9A1E7A4F7556}") = "ArcWms.Palletization.Tests", "test\ArcWms.Palletization.Tests\ArcWms.Palletization.Tests.csproj", "{8295EF8D-32E5-4CC3-ACFB-217FD2696E4E}"
EndProject
Project("{9A19103F-16F7-4668-BE54-9A1E7A4F7556}") = "ArcWms.TransportTask", "src\ArcWms.TransportTask\ArcWms.TransportTask.csproj", "{E5348E20-C0DF-4A27-9F6F-3D955744BA8E}"
EndProject
Project("{9A19103F-16F7-4668-BE54-9A1E7A4F7556}") = "ArcWms.TransportTask.Tests", "test\ArcWms.TransportTask.Tests\ArcWms.TransportTask.Tests.csproj", "{74BB4FF3-64A3-4C04-AA12-354356DDF449}"
EndProject
Project("{9A19103F-16F7-4668-BE54-9A1E7A4F7556}") = "ArcWms.WebApi", "src\ArcWms.WebApi\ArcWms.WebApi.csproj", "{78EAC327-EEF4-47CB-BE1A-0A0CE0F4BD1F}"
EndProject
Project("{9A19103F-16F7-4668-BE54-9A1E7A4F7556}") = "ArcWms.LocationAssignment", "src\ArcWms.LocationAssignment\ArcWms.LocationAssignment.csproj", "{B2142AAD-B20A-45EF-87F8-FD74DC6F9572}"
EndProject
Project("{9A19103F-16F7-4668-BE54-9A1E7A4F7556}") = "ArcWms.InboundOrder", "src\ArcWms.InboundOrder\ArcWms.InboundOrder.csproj", "{36209FFC-B1CF-4207-9424-5D09962FFC91}"
EndProject
Project("{FAE04EC0-301F-11D3-BF4B-00C04F79EFBC}") = "ArcWms.OutboundOrder", "src\ArcWms.OutboundOrder\ArcWms.OutboundOrder.csproj", "{1D93ACD5-D3D2-4E67-B260-B8B7B5A43688}"
EndProject
Project("{FAE04EC0-301F-11D3-BF4B-00C04F79EFBC}") = "ArcWms.OutboundOrder.Tests", "test\ArcWms.OutboundOrder.Tests\ArcWms.OutboundOrder.Tests.csproj", "{7BF96C9F-EAD1-4C37-8103-74A448BF4A2A}"
EndProject
Global
	GlobalSection(SolutionConfigurationPlatforms) = preSolution
		Debug|Any CPU = Debug|Any CPU
		Release|Any CPU = Release|Any CPU
		Setup|Any CPU = Setup|Any CPU
	EndGlobalSection
	GlobalSection(ProjectConfigurationPlatforms) = postSolution
		{CD60F789-03D8-4B9D-8BC3-95445B2B7F5A}.Debug|Any CPU.ActiveCfg = Debug|Any CPU
		{CD60F789-03D8-4B9D-8BC3-95445B2B7F5A}.Debug|Any CPU.Build.0 = Debug|Any CPU
		{CD60F789-03D8-4B9D-8BC3-95445B2B7F5A}.Release|Any CPU.ActiveCfg = Release|Any CPU
		{CD60F789-03D8-4B9D-8BC3-95445B2B7F5A}.Release|Any CPU.Build.0 = Release|Any CPU
		{CD60F789-03D8-4B9D-8BC3-95445B2B7F5A}.Setup|Any CPU.ActiveCfg = Setup|Any CPU
		{CD60F789-03D8-4B9D-8BC3-95445B2B7F5A}.Setup|Any CPU.Build.0 = Setup|Any CPU
		{2C3D2D42-3CD4-4CB3-838D-EC4AEBD6C0B7}.Debug|Any CPU.ActiveCfg = Debug|Any CPU
		{2C3D2D42-3CD4-4CB3-838D-EC4AEBD6C0B7}.Debug|Any CPU.Build.0 = Debug|Any CPU
		{2C3D2D42-3CD4-4CB3-838D-EC4AEBD6C0B7}.Release|Any CPU.ActiveCfg = Release|Any CPU
		{2C3D2D42-3CD4-4CB3-838D-EC4AEBD6C0B7}.Release|Any CPU.Build.0 = Release|Any CPU
		{2C3D2D42-3CD4-4CB3-838D-EC4AEBD6C0B7}.Setup|Any CPU.ActiveCfg = Setup|Any CPU
		{2C3D2D42-3CD4-4CB3-838D-EC4AEBD6C0B7}.Setup|Any CPU.Build.0 = Setup|Any CPU
		{734806D2-8314-47C3-8311-70C1F6F166D3}.Debug|Any CPU.ActiveCfg = Debug|Any CPU
		{734806D2-8314-47C3-8311-70C1F6F166D3}.Debug|Any CPU.Build.0 = Debug|Any CPU
		{734806D2-8314-47C3-8311-70C1F6F166D3}.Release|Any CPU.ActiveCfg = Release|Any CPU
		{734806D2-8314-47C3-8311-70C1F6F166D3}.Release|Any CPU.Build.0 = Release|Any CPU
		{734806D2-8314-47C3-8311-70C1F6F166D3}.Setup|Any CPU.ActiveCfg = Setup|Any CPU
		{734806D2-8314-47C3-8311-70C1F6F166D3}.Setup|Any CPU.Build.0 = Setup|Any CPU
		{C728233D-5FD8-4849-B3CB-C3452B7B0596}.Debug|Any CPU.ActiveCfg = Debug|Any CPU
		{C728233D-5FD8-4849-B3CB-C3452B7B0596}.Debug|Any CPU.Build.0 = Debug|Any CPU
		{C728233D-5FD8-4849-B3CB-C3452B7B0596}.Release|Any CPU.ActiveCfg = Release|Any CPU
		{C728233D-5FD8-4849-B3CB-C3452B7B0596}.Release|Any CPU.Build.0 = Release|Any CPU
		{C728233D-5FD8-4849-B3CB-C3452B7B0596}.Setup|Any CPU.ActiveCfg = Setup|Any CPU
		{C728233D-5FD8-4849-B3CB-C3452B7B0596}.Setup|Any CPU.Build.0 = Setup|Any CPU
		{E9A26362-1D45-4401-A551-A4CAF46BEC8C}.Debug|Any CPU.ActiveCfg = Debug|Any CPU
		{E9A26362-1D45-4401-A551-A4CAF46BEC8C}.Debug|Any CPU.Build.0 = Debug|Any CPU
		{E9A26362-1D45-4401-A551-A4CAF46BEC8C}.Release|Any CPU.ActiveCfg = Release|Any CPU
		{E9A26362-1D45-4401-A551-A4CAF46BEC8C}.Release|Any CPU.Build.0 = Release|Any CPU
		{E9A26362-1D45-4401-A551-A4CAF46BEC8C}.Setup|Any CPU.ActiveCfg = Setup|Any CPU
		{E9A26362-1D45-4401-A551-A4CAF46BEC8C}.Setup|Any CPU.Build.0 = Setup|Any CPU
		{B5ACD45D-6A72-4460-BF1B-319216917A3A}.Debug|Any CPU.ActiveCfg = Debug|Any CPU
		{B5ACD45D-6A72-4460-BF1B-319216917A3A}.Debug|Any CPU.Build.0 = Debug|Any CPU
		{B5ACD45D-6A72-4460-BF1B-319216917A3A}.Release|Any CPU.ActiveCfg = Release|Any CPU
		{B5ACD45D-6A72-4460-BF1B-319216917A3A}.Release|Any CPU.Build.0 = Release|Any CPU
		{B5ACD45D-6A72-4460-BF1B-319216917A3A}.Setup|Any CPU.ActiveCfg = Setup|Any CPU
		{B5ACD45D-6A72-4460-BF1B-319216917A3A}.Setup|Any CPU.Build.0 = Setup|Any CPU
		{8295EF8D-32E5-4CC3-ACFB-217FD2696E4E}.Debug|Any CPU.ActiveCfg = Debug|Any CPU
		{8295EF8D-32E5-4CC3-ACFB-217FD2696E4E}.Debug|Any CPU.Build.0 = Debug|Any CPU
		{8295EF8D-32E5-4CC3-ACFB-217FD2696E4E}.Release|Any CPU.ActiveCfg = Release|Any CPU
		{8295EF8D-32E5-4CC3-ACFB-217FD2696E4E}.Release|Any CPU.Build.0 = Release|Any CPU
		{8295EF8D-32E5-4CC3-ACFB-217FD2696E4E}.Setup|Any CPU.ActiveCfg = Setup|Any CPU
		{8295EF8D-32E5-4CC3-ACFB-217FD2696E4E}.Setup|Any CPU.Build.0 = Setup|Any CPU
		{E5348E20-C0DF-4A27-9F6F-3D955744BA8E}.Debug|Any CPU.ActiveCfg = Debug|Any CPU
		{E5348E20-C0DF-4A27-9F6F-3D955744BA8E}.Debug|Any CPU.Build.0 = Debug|Any CPU
		{E5348E20-C0DF-4A27-9F6F-3D955744BA8E}.Release|Any CPU.ActiveCfg = Release|Any CPU
		{E5348E20-C0DF-4A27-9F6F-3D955744BA8E}.Release|Any CPU.Build.0 = Release|Any CPU
		{E5348E20-C0DF-4A27-9F6F-3D955744BA8E}.Setup|Any CPU.ActiveCfg = Setup|Any CPU
		{E5348E20-C0DF-4A27-9F6F-3D955744BA8E}.Setup|Any CPU.Build.0 = Setup|Any CPU
		{74BB4FF3-64A3-4C04-AA12-354356DDF449}.Debug|Any CPU.ActiveCfg = Debug|Any CPU
		{74BB4FF3-64A3-4C04-AA12-354356DDF449}.Debug|Any CPU.Build.0 = Debug|Any CPU
		{74BB4FF3-64A3-4C04-AA12-354356DDF449}.Release|Any CPU.ActiveCfg = Release|Any CPU
		{74BB4FF3-64A3-4C04-AA12-354356DDF449}.Release|Any CPU.Build.0 = Release|Any CPU
		{74BB4FF3-64A3-4C04-AA12-354356DDF449}.Setup|Any CPU.ActiveCfg = Setup|Any CPU
		{74BB4FF3-64A3-4C04-AA12-354356DDF449}.Setup|Any CPU.Build.0 = Setup|Any CPU
		{78EAC327-EEF4-47CB-BE1A-0A0CE0F4BD1F}.Debug|Any CPU.ActiveCfg = Debug|Any CPU
		{78EAC327-EEF4-47CB-BE1A-0A0CE0F4BD1F}.Debug|Any CPU.Build.0 = Debug|Any CPU
		{78EAC327-EEF4-47CB-BE1A-0A0CE0F4BD1F}.Release|Any CPU.ActiveCfg = Release|Any CPU
		{78EAC327-EEF4-47CB-BE1A-0A0CE0F4BD1F}.Release|Any CPU.Build.0 = Release|Any CPU
		{78EAC327-EEF4-47CB-BE1A-0A0CE0F4BD1F}.Setup|Any CPU.ActiveCfg = Setup|Any CPU
		{78EAC327-EEF4-47CB-BE1A-0A0CE0F4BD1F}.Setup|Any CPU.Build.0 = Setup|Any CPU
		{B2142AAD-B20A-45EF-87F8-FD74DC6F9572}.Debug|Any CPU.ActiveCfg = Debug|Any CPU
		{B2142AAD-B20A-45EF-87F8-FD74DC6F9572}.Debug|Any CPU.Build.0 = Debug|Any CPU
		{B2142AAD-B20A-45EF-87F8-FD74DC6F9572}.Release|Any CPU.ActiveCfg = Release|Any CPU
		{B2142AAD-B20A-45EF-87F8-FD74DC6F9572}.Release|Any CPU.Build.0 = Release|Any CPU
		{B2142AAD-B20A-45EF-87F8-FD74DC6F9572}.Setup|Any CPU.ActiveCfg = Setup|Any CPU
		{B2142AAD-B20A-45EF-87F8-FD74DC6F9572}.Setup|Any CPU.Build.0 = Setup|Any CPU
		{36209FFC-B1CF-4207-9424-5D09962FFC91}.Debug|Any CPU.ActiveCfg = Debug|Any CPU
		{36209FFC-B1CF-4207-9424-5D09962FFC91}.Debug|Any CPU.Build.0 = Debug|Any CPU
		{36209FFC-B1CF-4207-9424-5D09962FFC91}.Release|Any CPU.ActiveCfg = Release|Any CPU
		{36209FFC-B1CF-4207-9424-5D09962FFC91}.Release|Any CPU.Build.0 = Release|Any CPU
		{36209FFC-B1CF-4207-9424-5D09962FFC91}.Setup|Any CPU.ActiveCfg = Setup|Any CPU
		{36209FFC-B1CF-4207-9424-5D09962FFC91}.Setup|Any CPU.Build.0 = Setup|Any CPU
		{1D93ACD5-D3D2-4E67-B260-B8B7B5A43688}.Debug|Any CPU.ActiveCfg = Debug|Any CPU
		{1D93ACD5-D3D2-4E67-B260-B8B7B5A43688}.Debug|Any CPU.Build.0 = Debug|Any CPU
		{1D93ACD5-D3D2-4E67-B260-B8B7B5A43688}.Release|Any CPU.ActiveCfg = Release|Any CPU
		{1D93ACD5-D3D2-4E67-B260-B8B7B5A43688}.Release|Any CPU.Build.0 = Release|Any CPU
		{1D93ACD5-D3D2-4E67-B260-B8B7B5A43688}.Setup|Any CPU.ActiveCfg = Debug|Any CPU
		{1D93ACD5-D3D2-4E67-B260-B8B7B5A43688}.Setup|Any CPU.Build.0 = Debug|Any CPU
		{7BF96C9F-EAD1-4C37-8103-74A448BF4A2A}.Debug|Any CPU.ActiveCfg = Debug|Any CPU
		{7BF96C9F-EAD1-4C37-8103-74A448BF4A2A}.Debug|Any CPU.Build.0 = Debug|Any CPU
		{7BF96C9F-EAD1-4C37-8103-74A448BF4A2A}.Release|Any CPU.ActiveCfg = Release|Any CPU
		{7BF96C9F-EAD1-4C37-8103-74A448BF4A2A}.Release|Any CPU.Build.0 = Release|Any CPU
		{7BF96C9F-EAD1-4C37-8103-74A448BF4A2A}.Setup|Any CPU.ActiveCfg = Debug|Any CPU
		{7BF96C9F-EAD1-4C37-8103-74A448BF4A2A}.Setup|Any CPU.Build.0 = Debug|Any CPU
	EndGlobalSection
	GlobalSection(SolutionProperties) = preSolution
		HideSolutionNode = FALSE
	EndGlobalSection
	GlobalSection(NestedProjects) = preSolution
		{CD60F789-03D8-4B9D-8BC3-95445B2B7F5A} = {A8E8522C-5CDE-4527-A67E-5D5BF1A24849}
		{2C3D2D42-3CD4-4CB3-838D-EC4AEBD6C0B7} = {A8E8522C-5CDE-4527-A67E-5D5BF1A24849}
		{734806D2-8314-47C3-8311-70C1F6F166D3} = {F08BB8E8-28EA-4A9D-9FAC-CE1AB8C76747}
		{C728233D-5FD8-4849-B3CB-C3452B7B0596} = {A8E8522C-5CDE-4527-A67E-5D5BF1A24849}
		{E9A26362-1D45-4401-A551-A4CAF46BEC8C} = {F08BB8E8-28EA-4A9D-9FAC-CE1AB8C76747}
		{B5ACD45D-6A72-4460-BF1B-319216917A3A} = {A8E8522C-5CDE-4527-A67E-5D5BF1A24849}
		{8295EF8D-32E5-4CC3-ACFB-217FD2696E4E} = {F08BB8E8-28EA-4A9D-9FAC-CE1AB8C76747}
		{E5348E20-C0DF-4A27-9F6F-3D955744BA8E} = {A8E8522C-5CDE-4527-A67E-5D5BF1A24849}
		{74BB4FF3-64A3-4C04-AA12-354356DDF449} = {F08BB8E8-28EA-4A9D-9FAC-CE1AB8C76747}
		{78EAC327-EEF4-47CB-BE1A-0A0CE0F4BD1F} = {A8E8522C-5CDE-4527-A67E-5D5BF1A24849}
		{B2142AAD-B20A-45EF-87F8-FD74DC6F9572} = {A8E8522C-5CDE-4527-A67E-5D5BF1A24849}
		{36209FFC-B1CF-4207-9424-5D09962FFC91} = {A8E8522C-5CDE-4527-A67E-5D5BF1A24849}
		{1D93ACD5-D3D2-4E67-B260-B8B7B5A43688} = {A8E8522C-5CDE-4527-A67E-5D5BF1A24849}
		{7BF96C9F-EAD1-4C37-8103-74A448BF4A2A} = {F08BB8E8-28EA-4A9D-9FAC-CE1AB8C76747}
	EndGlobalSection
	GlobalSection(ExtensibilityGlobals) = postSolution
		SolutionGuid = {0465E662-0FF8-4F88-96D4-875829A775AA}
	EndGlobalSection
EndGlobal
